
Microsoft Visual Studio Solution File, Format Version 12.00
Project("{FAE04EC0-301F-11D3-BF4B-00C04F79EFBC}") = "API", "API.csproj", "{AA67255D-B106-4FA1-A996-5049D5F4D9CC}"
EndProject
Global
	GlobalSection(SolutionConfigurationPlatforms) = preSolution
		Debug|Any CPU = Debug|Any CPU
		Release|Any CPU = Release|Any CPU
	EndGlobalSection
	GlobalSection(ProjectConfigurationPlatforms) = postSolution
		{AA67255D-B106-4FA1-A996-5049D5F4D9CC}.Debug|Any CPU.ActiveCfg = Debug|Any CPU
		{AA67255D-B106-4FA1-A996-5049D5F4D9CC}.Debug|Any CPU.Build.0 = Debug|Any CPU
		{AA67255D-B106-4FA1-A996-5049D5F4D9CC}.Release|Any CPU.ActiveCfg = Release|Any CPU
		{AA67255D-B106-4FA1-A996-5049D5F4D9CC}.Release|Any CPU.Build.0 = Release|Any CPU
	EndGlobalSection
EndGlobal
